
Microsoft Visual Studio Solution File, Format Version 12.00
# Visual Studio Version 17
VisualStudioVersion = 17.0.33530.339
MinimumVisualStudioVersion = 10.0.40219.1
Project("{9A19103F-16F7-4668-BE54-9A1E7A4F7556}") = "Citas", "Citas\Citas.csproj", "{E3ADDE4F-C12A-4CD0-B1FB-8672FD3BB762}"
EndProject
Project("{9A19103F-16F7-4668-BE54-9A1E7A4F7556}") = "Agendarcitas.API", "Agendarcitas.API\Agendarcitas.API.csproj", "{278864CF-EC84-492C-AECA-3320CC96B7B3}"
EndProject
Project("{FAE04EC0-301F-11D3-BF4B-00C04F79EFBC}") = "AgendarCitas.UAPI", "AgendarCitas.UAPI\AgendarCitas.UAPI.csproj", "{832DD5F2-110E-43F2-ABF0-5A56C628379C}"
EndProject
Global
	GlobalSection(SolutionConfigurationPlatforms) = preSolution
		Debug|Any CPU = Debug|Any CPU
		Release|Any CPU = Release|Any CPU
	EndGlobalSection
	GlobalSection(ProjectConfigurationPlatforms) = postSolution
		{E3ADDE4F-C12A-4CD0-B1FB-8672FD3BB762}.Debug|Any CPU.ActiveCfg = Debug|Any CPU
		{E3ADDE4F-C12A-4CD0-B1FB-8672FD3BB762}.Debug|Any CPU.Build.0 = Debug|Any CPU
		{E3ADDE4F-C12A-4CD0-B1FB-8672FD3BB762}.Release|Any CPU.ActiveCfg = Release|Any CPU
		{E3ADDE4F-C12A-4CD0-B1FB-8672FD3BB762}.Release|Any CPU.Build.0 = Release|Any CPU
		{278864CF-EC84-492C-AECA-3320CC96B7B3}.Debug|Any CPU.ActiveCfg = Debug|Any CPU
		{278864CF-EC84-492C-AECA-3320CC96B7B3}.Debug|Any CPU.Build.0 = Debug|Any CPU
		{278864CF-EC84-492C-AECA-3320CC96B7B3}.Release|Any CPU.ActiveCfg = Release|Any CPU
		{278864CF-EC84-492C-AECA-3320CC96B7B3}.Release|Any CPU.Build.0 = Release|Any CPU
		{832DD5F2-110E-43F2-ABF0-5A56C628379C}.Debug|Any CPU.ActiveCfg = Debug|Any CPU
		{832DD5F2-110E-43F2-ABF0-5A56C628379C}.Debug|Any CPU.Build.0 = Debug|Any CPU
		{832DD5F2-110E-43F2-ABF0-5A56C628379C}.Release|Any CPU.ActiveCfg = Release|Any CPU
		{832DD5F2-110E-43F2-ABF0-5A56C628379C}.Release|Any CPU.Build.0 = Release|Any CPU
	EndGlobalSection
	GlobalSection(SolutionProperties) = preSolution
		HideSolutionNode = FALSE
	EndGlobalSection
	GlobalSection(ExtensibilityGlobals) = postSolution
		SolutionGuid = {A25A7879-2AF9-4983-BB54-99F3FE047AFB}
	EndGlobalSection
EndGlobal
